
Microsoft Visual Studio Solution File, Format Version 11.00
# Visual Studio 2010
Project("{FAE04EC0-301F-11D3-BF4B-00C04F79EFBC}") = "CogaenEditor", "CogaenEditor\CogaenEditor.csproj", "{2ACDE01B-93C2-45A3-8BDD-EAED079C1358}"
EndProject
Project("{FAE04EC0-301F-11D3-BF4B-00C04F79EFBC}") = "CogaenEditorControls", "CogaenEditorControls\CogaenEditorControls\CogaenEditorControls.csproj", "{098706D6-A507-4847-B438-9DA26DA9E398}"
EndProject
Global
	GlobalSection(SolutionConfigurationPlatforms) = preSolution
		Debug|Any CPU = Debug|Any CPU
		Debug|Mixed Platforms = Debug|Mixed Platforms
		Debug|x86 = Debug|x86
		Release|Any CPU = Release|Any CPU
		Release|Mixed Platforms = Release|Mixed Platforms
		Release|x86 = Release|x86
	EndGlobalSection
	GlobalSection(ProjectConfigurationPlatforms) = postSolution
		{2ACDE01B-93C2-45A3-8BDD-EAED079C1358}.Debug|Any CPU.ActiveCfg = Debug|x86
		{2ACDE01B-93C2-45A3-8BDD-EAED079C1358}.Debug|Mixed Platforms.ActiveCfg = Debug|x86
		{2ACDE01B-93C2-45A3-8BDD-EAED079C1358}.Debug|Mixed Platforms.Build.0 = Debug|x86
		{2ACDE01B-93C2-45A3-8BDD-EAED079C1358}.Debug|x86.ActiveCfg = Debug|x86
		{2ACDE01B-93C2-45A3-8BDD-EAED079C1358}.Debug|x86.Build.0 = Debug|x86
		{2ACDE01B-93C2-45A3-8BDD-EAED079C1358}.Release|Any CPU.ActiveCfg = Release|x86
		{2ACDE01B-93C2-45A3-8BDD-EAED079C1358}.Release|Mixed Platforms.ActiveCfg = Release|x86
		{2ACDE01B-93C2-45A3-8BDD-EAED079C1358}.Release|Mixed Platforms.Build.0 = Release|x86
		{2ACDE01B-93C2-45A3-8BDD-EAED079C1358}.Release|x86.ActiveCfg = Release|x86
		{2ACDE01B-93C2-45A3-8BDD-EAED079C1358}.Release|x86.Build.0 = Release|x86
		{098706D6-A507-4847-B438-9DA26DA9E398}.Debug|Any CPU.ActiveCfg = Debug|Any CPU
		{098706D6-A507-4847-B438-9DA26DA9E398}.Debug|Any CPU.Build.0 = Debug|Any CPU
		{098706D6-A507-4847-B438-9DA26DA9E398}.Debug|Mixed Platforms.ActiveCfg = Debug|Any CPU
		{098706D6-A507-4847-B438-9DA26DA9E398}.Debug|Mixed Platforms.Build.0 = Debug|Any CPU
		{098706D6-A507-4847-B438-9DA26DA9E398}.Debug|x86.ActiveCfg = Debug|Any CPU
		{098706D6-A507-4847-B438-9DA26DA9E398}.Debug|x86.Build.0 = Debug|Any CPU
		{098706D6-A507-4847-B438-9DA26DA9E398}.Release|Any CPU.ActiveCfg = Release|Any CPU
		{098706D6-A507-4847-B438-9DA26DA9E398}.Release|Any CPU.Build.0 = Release|Any CPU
		{098706D6-A507-4847-B438-9DA26DA9E398}.Release|Mixed Platforms.ActiveCfg = Release|Any CPU
		{098706D6-A507-4847-B438-9DA26DA9E398}.Release|Mixed Platforms.Build.0 = Release|Any CPU
		{098706D6-A507-4847-B438-9DA26DA9E398}.Release|x86.ActiveCfg = Release|Any CPU
	EndGlobalSection
	GlobalSection(SolutionProperties) = preSolution
		HideSolutionNode = FALSE
	EndGlobalSection
EndGlobal
